
Microsoft Visual Studio Solution File, Format Version 12.00
# Visual Studio Version 17
VisualStudioVersion = 17.9.34701.34
MinimumVisualStudioVersion = 10.0.40219.1
Project("{FAE04EC0-301F-11D3-BF4B-00C04F79EFBC}") = "MultiShopTask", "MultiShopTask\MultiShopTask.csproj", "{824C255A-E8B5-4839-925F-79AD08D3D9A8}"
EndProject
Global
	GlobalSection(SolutionConfigurationPlatforms) = preSolution
		Debug|Any CPU = Debug|Any CPU
		Release|Any CPU = Release|Any CPU
	EndGlobalSection
	GlobalSection(ProjectConfigurationPlatforms) = postSolution
		{824C255A-E8B5-4839-925F-79AD08D3D9A8}.Debug|Any CPU.ActiveCfg = Debug|Any CPU
		{824C255A-E8B5-4839-925F-79AD08D3D9A8}.Debug|Any CPU.Build.0 = Debug|Any CPU
		{824C255A-E8B5-4839-925F-79AD08D3D9A8}.Release|Any CPU.ActiveCfg = Release|Any CPU
		{824C255A-E8B5-4839-925F-79AD08D3D9A8}.Release|Any CPU.Build.0 = Release|Any CPU
	EndGlobalSection
	GlobalSection(SolutionProperties) = preSolution
		HideSolutionNode = FALSE
	EndGlobalSection
	GlobalSection(ExtensibilityGlobals) = postSolution
		SolutionGuid = {057FBB53-3DDE-4E42-A4BB-AB5CD4E15954}
	EndGlobalSection
EndGlobal
